
Microsoft Visual Studio Solution File, Format Version 12.00
# Visual Studio Version 16
VisualStudioVersion = 16.0.30621.155
MinimumVisualStudioVersion = 10.0.40219.1
Project("{FAE04EC0-301F-11D3-BF4B-00C04F79EFBC}") = "SignalRAndWorkerServicePart2", "SignalRAndWorkerServicePart2\SignalRAndWorkerServicePart2.csproj", "{5BA5D192-033D-4568-A1C0-408210D27EFC}"
EndProject
Global
	GlobalSection(SolutionConfigurationPlatforms) = preSolution
		Debug|Any CPU = Debug|Any CPU
		Release|Any CPU = Release|Any CPU
	EndGlobalSection
	GlobalSection(ProjectConfigurationPlatforms) = postSolution
		{5BA5D192-033D-4568-A1C0-408210D27EFC}.Debug|Any CPU.ActiveCfg = Debug|Any CPU
		{5BA5D192-033D-4568-A1C0-408210D27EFC}.Debug|Any CPU.Build.0 = Debug|Any CPU
		{5BA5D192-033D-4568-A1C0-408210D27EFC}.Release|Any CPU.ActiveCfg = Release|Any CPU
		{5BA5D192-033D-4568-A1C0-408210D27EFC}.Release|Any CPU.Build.0 = Release|Any CPU
	EndGlobalSection
	GlobalSection(SolutionProperties) = preSolution
		HideSolutionNode = FALSE
	EndGlobalSection
	GlobalSection(ExtensibilityGlobals) = postSolution
		SolutionGuid = {323C8B41-280A-4E9F-8C8C-8EE07567BAFC}
	EndGlobalSection
EndGlobal
